
Microsoft Visual Studio Solution File, Format Version 12.00
# Visual Studio Version 17
VisualStudioVersion = 17.10.35013.160
MinimumVisualStudioVersion = 10.0.40219.1
Project("{FAE04EC0-301F-11D3-BF4B-00C04F79EFBC}") = "ExcelGenerator", "ExcelGenerator\ExcelGenerator.csproj", "{24E6DBC0-3D41-4F41-AF6C-BFFE5F82285E}"
EndProject
Global
	GlobalSection(SolutionConfigurationPlatforms) = preSolution
		Debug|Any CPU = Debug|Any CPU
		Release|Any CPU = Release|Any CPU
	EndGlobalSection
	GlobalSection(ProjectConfigurationPlatforms) = postSolution
		{24E6DBC0-3D41-4F41-AF6C-BFFE5F82285E}.Debug|Any CPU.ActiveCfg = Debug|Any CPU
		{24E6DBC0-3D41-4F41-AF6C-BFFE5F82285E}.Debug|Any CPU.Build.0 = Debug|Any CPU
		{24E6DBC0-3D41-4F41-AF6C-BFFE5F82285E}.Release|Any CPU.ActiveCfg = Release|Any CPU
		{24E6DBC0-3D41-4F41-AF6C-BFFE5F82285E}.Release|Any CPU.Build.0 = Release|Any CPU
	EndGlobalSection
	GlobalSection(SolutionProperties) = preSolution
		HideSolutionNode = FALSE
	EndGlobalSection
	GlobalSection(ExtensibilityGlobals) = postSolution
		SolutionGuid = {6B699804-E9E7-428D-A1F2-0022CAB5A5F9}
	EndGlobalSection
EndGlobal
